// !$*UTF8*$!
{
	archiveVersion = 1;
	classes = {
	};
	objectVersion = 46;
	objects = {

/* Begin PBXBuildFile section */
		AB908DDA1941E7510090F42D /* Foundation.framework in Frameworks */ = {isa = PBXBuildFile; fileRef = AB908DD91941E7510090F42D /* Foundation.framework */; };
		AB908DDC1941E7510090F42D /* CoreGraphics.framework in Frameworks */ = {isa = PBXBuildFile; fileRef = AB908DDB1941E7510090F42D /* CoreGraphics.framework */; };
		AB908DDE1941E7510090F42D /* UIKit.framework in Frameworks */ = {isa = PBXBuildFile; fileRef = AB908DDD1941E7510090F42D /* UIKit.framework */; };
		AB908DE41941E7510090F42D /* InfoPlist.strings in Resources */ = {isa = PBXBuildFile; fileRef = AB908DE21941E7510090F42D /* InfoPlist.strings */; };
		AB908DE61941E7520090F42D /* main.m in Sources */ = {isa = PBXBuildFile; fileRef = AB908DE51941E7510090F42D /* main.m */; };
		AB908DEA1941E7520090F42D /* AppDelegate.m in Sources */ = {isa = PBXBuildFile; fileRef = AB908DE91941E7520090F42D /* AppDelegate.m */; };
		AB908DED1941E7520090F42D /* Main.storyboard in Resources */ = {isa = PBXBuildFile; fileRef = AB908DEB1941E7520090F42D /* Main.storyboard */; };
		AB908DF01941E7520090F42D /* FirstViewController.m in Sources */ = {isa = PBXBuildFile; fileRef = AB908DEF1941E7520090F42D /* FirstViewController.m */; };
		AB908DF31941E7520090F42D /* SecondViewController.m in Sources */ = {isa = PBXBuildFile; fileRef = AB908DF21941E7520090F42D /* SecondViewController.m */; };
		AB908DF51941E7520090F42D /* Images.xcassets in Resources */ = {isa = PBXBuildFile; fileRef = AB908DF41941E7520090F42D /* Images.xcassets */; };
		AB908DFC1941E7520090F42D /* XCTest.framework in Frameworks */ = {isa = PBXBuildFile; fileRef = AB908DFB1941E7520090F42D /* XCTest.framework */; };
		AB908DFD1941E7520090F42D /* Foundation.framework in Frameworks */ = {isa = PBXBuildFile; fileRef = AB908DD91941E7510090F42D /* Foundation.framework */; };
		AB908DFE1941E7520090F42D /* UIKit.framework in Frameworks */ = {isa = PBXBuildFile; fileRef = AB908DDD1941E7510090F42D /* UIKit.framework */; };
		AB908E061941E7520090F42D /* InfoPlist.strings in Resources */ = {isa = PBXBuildFile; fileRef = AB908E041941E7520090F42D /* InfoPlist.strings */; };
		AB908E081941E7520090F42D /* TaxiLoggingTests.m in Sources */ = {isa = PBXBuildFile; fileRef = AB908E071941E7520090F42D /* TaxiLoggingTests.m */; };
/* End PBXBuildFile section */

/* Begin PBXContainerItemProxy section */
		AB908DFF1941E7520090F42D /* PBXContainerItemProxy */ = {
			isa = PBXContainerItemProxy;
			containerPortal = AB908DCE1941E7510090F42D /* Project object */;
			proxyType = 1;
			remoteGlobalIDString = AB908DD51941E7510090F42D;
			remoteInfo = TaxiLogging;
		};
/* End PBXContainerItemProxy section */

/* Begin PBXFileReference section */
		AB908DD61941E7510090F42D /* TaxiLogging.app */ = {isa = PBXFileReference; explicitFileType = wrapper.application; includeInIndex = 0; path = TaxiLogging.app; sourceTree = BUILT_PRODUCTS_DIR; };
		AB908DD91941E7510090F42D /* Foundation.framework */ = {isa = PBXFileReference; lastKnownFileType = wrapper.framework; name = Foundation.framework; path = System/Library/Frameworks/Foundation.framework; sourceTree = SDKROOT; };
		AB908DDB1941E7510090F42D /* CoreGraphics.framework */ = {isa = PBXFileReference; lastKnownFileType = wrapper.framework; name = CoreGraphics.framework; path = System/Library/Frameworks/CoreGraphics.framework; sourceTree = SDKROOT; };
		AB908DDD1941E7510090F42D /* UIKit.framework */ = {isa = PBXFileReference; lastKnownFileType = wrapper.framework; name = UIKit.framework; path = System/Library/Frameworks/UIKit.framework; sourceTree = SDKROOT; };
		AB908DE11941E7510090F42D /* TaxiLogging-Info.plist */ = {isa = PBXFileReference; lastKnownFileType = text.plist.xml; path = "TaxiLogging-Info.plist"; sourceTree = "<group>"; };
		AB908DE31941E7510090F42D /* en */ = {isa = PBXFileReference; lastKnownFileType = text.plist.strings; name = en; path = en.lproj/InfoPlist.strings; sourceTree = "<group>"; };
		AB908DE51941E7510090F42D /* main.m */ = {isa = PBXFileReference; lastKnownFileType = sourcecode.c.objc; path = main.m; sourceTree = "<group>"; };
		AB908DE71941E7520090F42D /* TaxiLogging-Prefix.pch */ = {isa = PBXFileReference; lastKnownFileType = sourcecode.c.h; path = "TaxiLogging-Prefix.pch"; sourceTree = "<group>"; };
		AB908DE81941E7520090F42D /* AppDelegate.h */ = {isa = PBXFileReference; lastKnownFileType = sourcecode.c.h; path = AppDelegate.h; sourceTree = "<group>"; };
		AB908DE91941E7520090F42D /* AppDelegate.m */ = {isa = PBXFileReference; lastKnownFileType = sourcecode.c.objc; path = AppDelegate.m; sourceTree = "<group>"; };
		AB908DEC1941E7520090F42D /* Base */ = {isa = PBXFileReference; lastKnownFileType = file.storyboard; name = Base; path = Base.lproj/Main.storyboard; sourceTree = "<group>"; };
		AB908DEE1941E7520090F42D /* FirstViewController.h */ = {isa = PBXFileReference; lastKnownFileType = sourcecode.c.h; path = FirstViewController.h; sourceTree = "<group>"; };
		AB908DEF1941E7520090F42D /* FirstViewController.m */ = {isa = PBXFileReference; lastKnownFileType = sourcecode.c.objc; path = FirstViewController.m; sourceTree = "<group>"; };
		AB908DF11941E7520090F42D /* SecondViewController.h */ = {isa = PBXFileReference; lastKnownFileType = sourcecode.c.h; path = SecondViewController.h; sourceTree = "<group>"; };
		AB908DF21941E7520090F42D /* SecondViewController.m */ = {isa = PBXFileReference; lastKnownFileType = sourcecode.c.objc; path = SecondViewController.m; sourceTree = "<group>"; };
		AB908DF41941E7520090F42D /* Images.xcassets */ = {isa = PBXFileReference; lastKnownFileType = folder.assetcatalog; path = Images.xcassets; sourceTree = "<group>"; };
		AB908DFA1941E7520090F42D /* TaxiLoggingTests.xctest */ = {isa = PBXFileReference; explicitFileType = wrapper.cfbundle; includeInIndex = 0; path = TaxiLoggingTests.xctest; sourceTree = BUILT_PRODUCTS_DIR; };
		AB908DFB1941E7520090F42D /* XCTest.framework */ = {isa = PBXFileReference; lastKnownFileType = wrapper.framework; name = XCTest.framework; path = Library/Frameworks/XCTest.framework; sourceTree = DEVELOPER_DIR; };
		AB908E031941E7520090F42D /* TaxiLoggingTests-Info.plist */ = {isa = PBXFileReference; lastKnownFileType = text.plist.xml; path = "TaxiLoggingTests-Info.plist"; sourceTree = "<group>"; };
		AB908E051941E7520090F42D /* en */ = {isa = PBXFileReference; lastKnownFileType = text.plist.strings; name = en; path = en.lproj/InfoPlist.strings; sourceTree = "<group>"; };
		AB908E071941E7520090F42D /* TaxiLoggingTests.m */ = {isa = PBXFileReference; lastKnownFileType = sourcecode.c.objc; path = TaxiLoggingTests.m; sourceTree = "<group>"; };
/* End PBXFileReference section */

/* Begin PBXFrameworksBuildPhase section */
		AB908DD31941E7510090F42D /* Frameworks */ = {
			isa = PBXFrameworksBuildPhase;
			buildActionMask = 2147483647;
			files = (
				AB908DDC1941E7510090F42D /* CoreGraphics.framework in Frameworks */,
				AB908DDE1941E7510090F42D /* UIKit.framework in Frameworks */,
				AB908DDA1941E7510090F42D /* Foundation.framework in Frameworks */,
			);
			runOnlyForDeploymentPostprocessing = 0;
		};
		AB908DF71941E7520090F42D /* Frameworks */ = {
			isa = PBXFrameworksBuildPhase;
			buildActionMask = 2147483647;
			files = (
				AB908DFC1941E7520090F42D /* XCTest.framework in Frameworks */,
				AB908DFE1941E7520090F42D /* UIKit.framework in Frameworks */,
				AB908DFD1941E7520090F42D /* Foundation.framework in Frameworks */,
			);
			runOnlyForDeploymentPostprocessing = 0;
		};
/* End PBXFrameworksBuildPhase section */

/* Begin PBXGroup section */
		AB908DCD1941E7510090F42D = {
			isa = PBXGroup;
			children = (
				AB908DDF1941E7510090F42D /* TaxiLogging */,
				AB908E011941E7520090F42D /* TaxiLoggingTests */,
				AB908DD81941E7510090F42D /* Frameworks */,
				AB908DD71941E7510090F42D /* Products */,
			);
			sourceTree = "<group>";
		};
		AB908DD71941E7510090F42D /* Products */ = {
			isa = PBXGroup;
			children = (
				AB908DD61941E7510090F42D /* TaxiLogging.app */,
				AB908DFA1941E7520090F42D /* TaxiLoggingTests.xctest */,
			);
			name = Products;
			sourceTree = "<group>";
		};
		AB908DD81941E7510090F42D /* Frameworks */ = {
			isa = PBXGroup;
			children = (
				AB908DD91941E7510090F42D /* Foundation.framework */,
				AB908DDB1941E7510090F42D /* CoreGraphics.framework */,
				AB908DDD1941E7510090F42D /* UIKit.framework */,
				AB908DFB1941E7520090F42D /* XCTest.framework */,
			);
			name = Frameworks;
			sourceTree = "<group>";
		};
		AB908DDF1941E7510090F42D /* TaxiLogging */ = {
			isa = PBXGroup;
			children = (
				AB908DE81941E7520090F42D /* AppDelegate.h */,
				AB908DE91941E7520090F42D /* AppDelegate.m */,
				AB908DEB1941E7520090F42D /* Main.storyboard */,
				AB908DEE1941E7520090F42D /* FirstViewController.h */,
				AB908DEF1941E7520090F42D /* FirstViewController.m */,
				AB908DF11941E7520090F42D /* SecondViewController.h */,
				AB908DF21941E7520090F42D /* SecondViewController.m */,
				AB908DF41941E7520090F42D /* Images.xcassets */,
				AB908DE01941E7510090F42D /* Supporting Files */,
			);
			path = TaxiLogging;
			sourceTree = "<group>";
		};
		AB908DE01941E7510090F42D /* Supporting Files */ = {
			isa = PBXGroup;
			children = (
				AB908DE11941E7510090F42D /* TaxiLogging-Info.plist */,
				AB908DE21941E7510090F42D /* InfoPlist.strings */,
				AB908DE51941E7510090F42D /* main.m */,
				AB908DE71941E7520090F42D /* TaxiLogging-Prefix.pch */,
			);
			name = "Supporting Files";
			sourceTree = "<group>";
		};
		AB908E011941E7520090F42D /* TaxiLoggingTests */ = {
			isa = PBXGroup;
			children = (
				AB908E071941E7520090F42D /* TaxiLoggingTests.m */,
				AB908E021941E7520090F42D /* Supporting Files */,
			);
			path = TaxiLoggingTests;
			sourceTree = "<group>";
		};
		AB908E021941E7520090F42D /* Supporting Files */ = {
			isa = PBXGroup;
			children = (
				AB908E031941E7520090F42D /* TaxiLoggingTests-Info.plist */,
				AB908E041941E7520090F42D /* InfoPlist.strings */,
			);
			name = "Supporting Files";
			sourceTree = "<group>";
		};
/* End PBXGroup section */

/* Begin PBXNativeTarget section */
		AB908DD51941E7510090F42D /* TaxiLogging */ = {
			isa = PBXNativeTarget;
			buildConfigurationList = AB908E0B1941E7520090F42D /* Build configuration list for PBXNativeTarget "TaxiLogging" */;
			buildPhases = (
				AB908DD21941E7510090F42D /* Sources */,
				AB908DD31941E7510090F42D /* Frameworks */,
				AB908DD41941E7510090F42D /* Resources */,
			);
			buildRules = (
			);
			dependencies = (
			);
			name = TaxiLogging;
			productName = TaxiLogging;
			productReference = AB908DD61941E7510090F42D /* TaxiLogging.app */;
			productType = "com.apple.product-type.application";
		};
		AB908DF91941E7520090F42D /* TaxiLoggingTests */ = {
			isa = PBXNativeTarget;
			buildConfigurationList = AB908E0E1941E7520090F42D /* Build configuration list for PBXNativeTarget "TaxiLoggingTests" */;
			buildPhases = (
				AB908DF61941E7520090F42D /* Sources */,
				AB908DF71941E7520090F42D /* Frameworks */,
				AB908DF81941E7520090F42D /* Resources */,
			);
			buildRules = (
			);
			dependencies = (
				AB908E001941E7520090F42D /* PBXTargetDependency */,
			);
			name = TaxiLoggingTests;
			productName = TaxiLoggingTests;
			productReference = AB908DFA1941E7520090F42D /* TaxiLoggingTests.xctest */;
			productType = "com.apple.product-type.bundle.unit-test";
		};
/* End PBXNativeTarget section */

/* Begin PBXProject section */
		AB908DCE1941E7510090F42D /* Project object */ = {
			isa = PBXProject;
			attributes = {
				LastUpgradeCheck = 0510;
				ORGANIZATIONNAME = ppts;
				TargetAttributes = {
					AB908DF91941E7520090F42D = {
						TestTargetID = AB908DD51941E7510090F42D;
					};
				};
			};
			buildConfigurationList = AB908DD11941E7510090F42D /* Build configuration list for PBXProject "TaxiLogging" */;
			compatibilityVersion = "Xcode 3.2";
			developmentRegion = English;
			hasScannedForEncodings = 0;
			knownRegions = (
				en,
				Base,
			);
			mainGroup = AB908DCD1941E7510090F42D;
			productRefGroup = AB908DD71941E7510090F42D /* Products */;
			projectDirPath = "";
			projectRoot = "";
			targets = (
				AB908DD51941E7510090F42D /* TaxiLogging */,
				AB908DF91941E7520090F42D /* TaxiLoggingTests */,
			);
		};
/* End PBXProject section */

/* Begin PBXResourcesBuildPhase section */
		AB908DD41941E7510090F42D /* Resources */ = {
			isa = PBXResourcesBuildPhase;
			buildActionMask = 2147483647;
			files = (
				AB908DF51941E7520090F42D /* Images.xcassets in Resources */,
				AB908DE41941E7510090F42D /* InfoPlist.strings in Resources */,
				AB908DED1941E7520090F42D /* Main.storyboard in Resources */,
			);
			runOnlyForDeploymentPostprocessing = 0;
		};
		AB908DF81941E7520090F42D /* Resources */ = {
			isa = PBXResourcesBuildPhase;
			buildActionMask = 2147483647;
			files = (
				AB908E061941E7520090F42D /* InfoPlist.strings in Resources */,
			);
			runOnlyForDeploymentPostprocessing = 0;
		};
/* End PBXResourcesBuildPhase section */

/* Begin PBXSourcesBuildPhase section */
		AB908DD21941E7510090F42D /* Sources */ = {
			isa = PBXSourcesBuildPhase;
			buildActionMask = 2147483647;
			files = (
				AB908DF31941E7520090F42D /* SecondViewController.m in Sources */,
				AB908DEA1941E7520090F42D /* AppDelegate.m in Sources */,
				AB908DF01941E7520090F42D /* FirstViewController.m in Sources */,
				AB908DE61941E7520090F42D /* main.m in Sources */,
			);
			runOnlyForDeploymentPostprocessing = 0;
		};
		AB908DF61941E7520090F42D /* Sources */ = {
			isa = PBXSourcesBuildPhase;
			buildActionMask = 2147483647;
			files = (
				AB908E081941E7520090F42D /* TaxiLoggingTests.m in Sources */,
			);
			runOnlyForDeploymentPostprocessing = 0;
		};
/* End PBXSourcesBuildPhase section */

/* Begin PBXTargetDependency section */
		AB908E001941E7520090F42D /* PBXTargetDependency */ = {
			isa = PBXTargetDependency;
			target = AB908DD51941E7510090F42D /* TaxiLogging */;
			targetProxy = AB908DFF1941E7520090F42D /* PBXContainerItemProxy */;
		};
/* End PBXTargetDependency section */

/* Begin PBXVariantGroup section */
		AB908DE21941E7510090F42D /* InfoPlist.strings */ = {
			isa = PBXVariantGroup;
			children = (
				AB908DE31941E7510090F42D /* en */,
			);
			name = InfoPlist.strings;
			sourceTree = "<group>";
		};
		AB908DEB1941E7520090F42D /* Main.storyboard */ = {
			isa = PBXVariantGroup;
			children = (
				AB908DEC1941E7520090F42D /* Base */,
			);
			name = Main.storyboard;
			sourceTree = "<group>";
		};
		AB908E041941E7520090F42D /* InfoPlist.strings */ = {
			isa = PBXVariantGroup;
			children = (
				AB908E051941E7520090F42D /* en */,
			);
			name = InfoPlist.strings;
			sourceTree = "<group>";
		};
/* End PBXVariantGroup section */

/* Begin XCBuildConfiguration section */
		AB908E091941E7520090F42D /* Debug */ = {
			isa = XCBuildConfiguration;
			buildSettings = {
				ALWAYS_SEARCH_USER_PATHS = NO;
				CLANG_CXX_LANGUAGE_STANDARD = "gnu++0x";
				CLANG_CXX_LIBRARY = "libc++";
				CLANG_ENABLE_MODULES = YES;
				CLANG_ENABLE_OBJC_ARC = YES;
				CLANG_WARN_BOOL_CONVERSION = YES;
				CLANG_WARN_CONSTANT_CONVERSION = YES;
				CLANG_WARN_DIRECT_OBJC_ISA_USAGE = YES_ERROR;
				CLANG_WARN_EMPTY_BODY = YES;
				CLANG_WARN_ENUM_CONVERSION = YES;
				CLANG_WARN_INT_CONVERSION = YES;
				CLANG_WARN_OBJC_ROOT_CLASS = YES_ERROR;
				CLANG_WARN__DUPLICATE_METHOD_MATCH = YES;
				"CODE_SIGN_IDENTITY[sdk=iphoneos*]" = "iPhone Developer";
				COPY_PHASE_STRIP = NO;
				GCC_C_LANGUAGE_STANDARD = gnu99;
				GCC_DYNAMIC_NO_PIC = NO;
				GCC_OPTIMIZATION_LEVEL = 0;
				GCC_PREPROCESSOR_DEFINITIONS = (
					"DEBUG=1",
					"$(inherited)",
				);
				GCC_SYMBOLS_PRIVATE_EXTERN = NO;
				GCC_WARN_64_TO_32_BIT_CONVERSION = YES;
				GCC_WARN_ABOUT_RETURN_TYPE = YES_ERROR;
				GCC_WARN_UNDECLARED_SELECTOR = YES;
				GCC_WARN_UNINITIALIZED_AUTOS = YES_AGGRESSIVE;
				GCC_WARN_UNUSED_FUNCTION = YES;
				GCC_WARN_UNUSED_VARIABLE = YES;
				IPHONEOS_DEPLOYMENT_TARGET = 7.1;
				ONLY_ACTIVE_ARCH = YES;
				SDKROOT = iphoneos;
				TARGETED_DEVICE_FAMILY = 2;
			};
			name = Debug;
		};
		AB908E0A1941E7520090F42D /* Release */ = {
			isa = XCBuildConfiguration;
			buildSettings = {
				ALWAYS_SEARCH_USER_PATHS = NO;
				CLANG_CXX_LANGUAGE_STANDARD = "gnu++0x";
				CLANG_CXX_LIBRARY = "libc++";
				CLANG_ENABLE_MODULES = YES;
				CLANG_ENABLE_OBJC_ARC = YES;
				CLANG_WARN_BOOL_CONVERSION = YES;
				CLANG_WARN_CONSTANT_CONVERSION = YES;
				CLANG_WARN_DIRECT_OBJC_ISA_USAGE = YES_ERROR;
				CLANG_WARN_EMPTY_BODY = YES;
				CLANG_WARN_ENUM_CONVERSION = YES;
				CLANG_WARN_INT_CONVERSION = YES;
				CLANG_WARN_OBJC_ROOT_CLASS = YES_ERROR;
				CLANG_WARN__DUPLICATE_METHOD_MATCH = YES;
				"CODE_SIGN_IDENTITY[sdk=iphoneos*]" = "iPhone Developer";
				COPY_PHASE_STRIP = YES;
				ENABLE_NS_ASSERTIONS = NO;
				GCC_C_LANGUAGE_STANDARD = gnu99;
				GCC_WARN_64_TO_32_BIT_CONVERSION = YES;
				GCC_WARN_ABOUT_RETURN_TYPE = YES_ERROR;
				GCC_WARN_UNDECLARED_SELECTOR = YES;
				GCC_WARN_UNINITIALIZED_AUTOS = YES_AGGRESSIVE;
				GCC_WARN_UNUSED_FUNCTION = YES;
				GCC_WARN_UNUSED_VARIABLE = YES;
				IPHONEOS_DEPLOYMENT_TARGET = 7.1;
				SDKROOT = iphoneos;
				TARGETED_DEVICE_FAMILY = 2;
				VALIDATE_PRODUCT = YES;
			};
			name = Release;
		};
		AB908E0C1941E7520090F42D /* Debug */ = {
			isa = XCBuildConfiguration;
			buildSettings = {
				ASSETCATALOG_COMPILER_APPICON_NAME = AppIcon;
				ASSETCATALOG_COMPILER_LAUNCHIMAGE_NAME = LaunchImage;
				GCC_PRECOMPILE_PREFIX_HEADER = YES;
				GCC_PREFIX_HEADER = "TaxiLogging/TaxiLogging-Prefix.pch";
				INFOPLIST_FILE = "TaxiLogging/TaxiLogging-Info.plist";
				PRODUCT_NAME = "$(TARGET_NAME)";
				WRAPPER_EXTENSION = app;
			};
			name = Debug;
		};
		AB908E0D1941E7520090F42D /* Release */ = {
			isa = XCBuildConfiguration;
			buildSettings = {
				ASSETCATALOG_COMPILER_APPICON_NAME = AppIcon;
				ASSETCATALOG_COMPILER_LAUNCHIMAGE_NAME = LaunchImage;
				GCC_PRECOMPILE_PREFIX_HEADER = YES;
				GCC_PREFIX_HEADER = "TaxiLogging/TaxiLogging-Prefix.pch";
				INFOPLIST_FILE = "TaxiLogging/TaxiLogging-Info.plist";
				PRODUCT_NAME = "$(TARGET_NAME)";
				WRAPPER_EXTENSION = app;
			};
			name = Release;
		};
		AB908E0F1941E7520090F42D /* Debug */ = {
			isa = XCBuildConfiguration;
			buildSettings = {
				BUNDLE_LOADER = "$(BUILT_PRODUCTS_DIR)/TaxiLogging.app/TaxiLogging";
				FRAMEWORK_SEARCH_PATHS = (
					"$(SDKROOT)/Developer/Library/Frameworks",
					"$(inherited)",
					"$(DEVELOPER_FRAMEWORKS_DIR)",
				);
				GCC_PRECOMPILE_PREFIX_HEADER = YES;
				GCC_PREFIX_HEADER = "TaxiLogging/TaxiLogging-Prefix.pch";
				GCC_PREPROCESSOR_DEFINITIONS = (
					"DEBUG=1",
					"$(inherited)",
				);
				INFOPLIST_FILE = "TaxiLoggingTests/TaxiLoggingTests-Info.plist";
				PRODUCT_NAME = "$(TARGET_NAME)";
				TEST_HOST = "$(BUNDLE_LOADER)";
				WRAPPER_EXTENSION = xctest;
			};
			name = Debug;
		};
		AB908E101941E7520090F42D /* Release */ = {
			isa = XCBuildConfiguration;
			buildSettings = {
				BUNDLE_LOADER = "$(BUILT_PRODUCTS_DIR)/TaxiLogging.app/TaxiLogging";
				FRAMEWORK_SEARCH_PATHS = (
					"$(SDKROOT)/Developer/Library/Frameworks",
					"$(inherited)",
					"$(DEVELOPER_FRAMEWORKS_DIR)",
				);
				GCC_PRECOMPILE_PREFIX_HEADER = YES;
				GCC_PREFIX_HEADER = "TaxiLogging/TaxiLogging-Prefix.pch";
				INFOPLIST_FILE = "TaxiLoggingTests/TaxiLoggingTests-Info.plist";
				PRODUCT_NAME = "$(TARGET_NAME)";
				TEST_HOST = "$(BUNDLE_LOADER)";
				WRAPPER_EXTENSION = xctest;
			};
			name = Release;
		};
/* End XCBuildConfiguration section */

/* Begin XCConfigurationList section */
		AB908DD11941E7510090F42D /* Build configuration list for PBXProject "TaxiLogging" */ = {
			isa = XCConfigurationList;
			buildConfigurations = (
				AB908E091941E7520090F42D /* Debug */,
				AB908E0A1941E7520090F42D /* Release */,
			);
			defaultConfigurationIsVisible = 0;
			defaultConfigurationName = Release;
		};
		AB908E0B1941E7520090F42D /* Build configuration list for PBXNativeTarget "TaxiLogging" */ = {
			isa = XCConfigurationList;
			buildConfigurations = (
				AB908E0C1941E7520090F42D /* Debug */,
				AB908E0D1941E7520090F42D /* Release */,
			);
			defaultConfigurationIsVisible = 0;
		};
		AB908E0E1941E7520090F42D /* Build configuration list for PBXNativeTarget "TaxiLoggingTests" */ = {
			isa = XCConfigurationList;
			buildConfigurations = (
				AB908E0F1941E7520090F42D /* Debug */,
				AB908E101941E7520090F42D /* Release */,
			);
			defaultConfigurationIsVisible = 0;
		};
/* End XCConfigurationList section */
	};
	rootObject = AB908DCE1941E7510090F42D /* Project object */;
}
